// !$*UTF8*$!
{
	archiveVersion = 1;
	classes = {
	};
	objectVersion = 56;
	objects = {

/* Begin PBXBuildFile section */
		3E71FD9F2968A509006BD38A /* TransactionListViewModel.swift in Sources */ = {isa = PBXBuildFile; fileRef = 3E71FD9E2968A509006BD38A /* TransactionListViewModel.swift */; };
		3E71FDA12968AD57006BD38A /* RecentTransactionList.swift in Sources */ = {isa = PBXBuildFile; fileRef = 3E71FDA02968AD57006BD38A /* RecentTransactionList.swift */; };
		3E71FDA32968F3E6006BD38A /* TransactionList.swift in Sources */ = {isa = PBXBuildFile; fileRef = 3E71FDA22968F3E6006BD38A /* TransactionList.swift */; };
		3E981EFF2967B1A4007A2297 /* ExpenseTrackerApp.swift in Sources */ = {isa = PBXBuildFile; fileRef = 3E981EFE2967B1A4007A2297 /* ExpenseTrackerApp.swift */; };
		3E981F012967B1A4007A2297 /* ContentView.swift in Sources */ = {isa = PBXBuildFile; fileRef = 3E981F002967B1A4007A2297 /* ContentView.swift */; };
		3E981F032967B1A5007A2297 /* Assets.xcassets in Resources */ = {isa = PBXBuildFile; fileRef = 3E981F022967B1A5007A2297 /* Assets.xcassets */; };
		3E981F062967B1A5007A2297 /* Preview Assets.xcassets in Resources */ = {isa = PBXBuildFile; fileRef = 3E981F052967B1A5007A2297 /* Preview Assets.xcassets */; };
		3E981F0D2967B30E007A2297 /* Extensions.swift in Sources */ = {isa = PBXBuildFile; fileRef = 3E981F0C2967B30E007A2297 /* Extensions.swift */; };
		3E981F102967BA84007A2297 /* TransactionModel.swift in Sources */ = {isa = PBXBuildFile; fileRef = 3E981F0F2967BA84007A2297 /* TransactionModel.swift */; };
		3E981F122967BB88007A2297 /* PreviewData.swift in Sources */ = {isa = PBXBuildFile; fileRef = 3E981F112967BB88007A2297 /* PreviewData.swift */; };
		3E981F142967BC16007A2297 /* TransactionRow.swift in Sources */ = {isa = PBXBuildFile; fileRef = 3E981F132967BC16007A2297 /* TransactionRow.swift */; };
		3EFC42D4296DC8BC00D58BD5 /* SwiftUICharts in Frameworks */ = {isa = PBXBuildFile; productRef = 3EFC42D3296DC8BC00D58BD5 /* SwiftUICharts */; };
/* End PBXBuildFile section */

/* Begin PBXFileReference section */
		3E71FD9E2968A509006BD38A /* TransactionListViewModel.swift */ = {isa = PBXFileReference; lastKnownFileType = sourcecode.swift; path = TransactionListViewModel.swift; sourceTree = "<group>"; };
		3E71FDA02968AD57006BD38A /* RecentTransactionList.swift */ = {isa = PBXFileReference; lastKnownFileType = sourcecode.swift; path = RecentTransactionList.swift; sourceTree = "<group>"; };
		3E71FDA22968F3E6006BD38A /* TransactionList.swift */ = {isa = PBXFileReference; lastKnownFileType = sourcecode.swift; path = TransactionList.swift; sourceTree = "<group>"; };
		3E981EFB2967B1A4007A2297 /* ExpenseTracker.app */ = {isa = PBXFileReference; explicitFileType = wrapper.application; includeInIndex = 0; path = ExpenseTracker.app; sourceTree = BUILT_PRODUCTS_DIR; };
		3E981EFE2967B1A4007A2297 /* ExpenseTrackerApp.swift */ = {isa = PBXFileReference; lastKnownFileType = sourcecode.swift; path = ExpenseTrackerApp.swift; sourceTree = "<group>"; };
		3E981F002967B1A4007A2297 /* ContentView.swift */ = {isa = PBXFileReference; lastKnownFileType = sourcecode.swift; path = ContentView.swift; sourceTree = "<group>"; };
		3E981F022967B1A5007A2297 /* Assets.xcassets */ = {isa = PBXFileReference; lastKnownFileType = folder.assetcatalog; path = Assets.xcassets; sourceTree = "<group>"; };
		3E981F052967B1A5007A2297 /* Preview Assets.xcassets */ = {isa = PBXFileReference; lastKnownFileType = folder.assetcatalog; path = "Preview Assets.xcassets"; sourceTree = "<group>"; };
		3E981F0C2967B30E007A2297 /* Extensions.swift */ = {isa = PBXFileReference; lastKnownFileType = sourcecode.swift; path = Extensions.swift; sourceTree = "<group>"; };
		3E981F0F2967BA84007A2297 /* TransactionModel.swift */ = {isa = PBXFileReference; lastKnownFileType = sourcecode.swift; path = TransactionModel.swift; sourceTree = "<group>"; };
		3E981F112967BB88007A2297 /* PreviewData.swift */ = {isa = PBXFileReference; lastKnownFileType = sourcecode.swift; path = PreviewData.swift; sourceTree = "<group>"; };
		3E981F132967BC16007A2297 /* TransactionRow.swift */ = {isa = PBXFileReference; lastKnownFileType = sourcecode.swift; path = TransactionRow.swift; sourceTree = "<group>"; };
/* End PBXFileReference section */

/* Begin PBXFrameworksBuildPhase section */
		3E981EF82967B1A4007A2297 /* Frameworks */ = {
			isa = PBXFrameworksBuildPhase;
			buildActionMask = 2147483647;
			files = (
				3EFC42D4296DC8BC00D58BD5 /* SwiftUICharts in Frameworks */,
			);
			runOnlyForDeploymentPostprocessing = 0;
		};
/* End PBXFrameworksBuildPhase section */

/* Begin PBXGroup section */
		3E71FDA42968F925006BD38A /* Models */ = {
			isa = PBXGroup;
			children = (
				3E71FD9E2968A509006BD38A /* TransactionListViewModel.swift */,
				3E981F0F2967BA84007A2297 /* TransactionModel.swift */,
			);
			path = Models;
			sourceTree = "<group>";
		};
		3E981EF22967B1A4007A2297 = {
			isa = PBXGroup;
			children = (
				3E981EFD2967B1A4007A2297 /* ExpenseTracker */,
				3E981EFC2967B1A4007A2297 /* Products */,
			);
			sourceTree = "<group>";
		};
		3E981EFC2967B1A4007A2297 /* Products */ = {
			isa = PBXGroup;
			children = (
				3E981EFB2967B1A4007A2297 /* ExpenseTracker.app */,
			);
			name = Products;
			sourceTree = "<group>";
		};
		3E981EFD2967B1A4007A2297 /* ExpenseTracker */ = {
			isa = PBXGroup;
			children = (
				3E71FDA42968F925006BD38A /* Models */,
				3E981EFE2967B1A4007A2297 /* ExpenseTrackerApp.swift */,
				3E981F0E2967BA2C007A2297 /* Views */,
				3E981F0C2967B30E007A2297 /* Extensions.swift */,
				3E981F022967B1A5007A2297 /* Assets.xcassets */,
				3E981F042967B1A5007A2297 /* Preview Content */,
			);
			path = ExpenseTracker;
			sourceTree = "<group>";
		};
		3E981F042967B1A5007A2297 /* Preview Content */ = {
			isa = PBXGroup;
			children = (
				3E981F052967B1A5007A2297 /* Preview Assets.xcassets */,
				3E981F112967BB88007A2297 /* PreviewData.swift */,
			);
			path = "Preview Content";
			sourceTree = "<group>";
		};
		3E981F0E2967BA2C007A2297 /* Views */ = {
			isa = PBXGroup;
			children = (
				3E981F002967B1A4007A2297 /* ContentView.swift */,
				3E981F132967BC16007A2297 /* TransactionRow.swift */,
				3E71FDA02968AD57006BD38A /* RecentTransactionList.swift */,
				3E71FDA22968F3E6006BD38A /* TransactionList.swift */,
			);
			path = Views;
			sourceTree = "<group>";
		};
/* End PBXGroup section */

/* Begin PBXNativeTarget section */
		3E981EFA2967B1A4007A2297 /* ExpenseTracker */ = {
			isa = PBXNativeTarget;
			buildConfigurationList = 3E981F092967B1A5007A2297 /* Build configuration list for PBXNativeTarget "ExpenseTracker" */;
			buildPhases = (
				3E981EF72967B1A4007A2297 /* Sources */,
				3E981EF82967B1A4007A2297 /* Frameworks */,
				3E981EF92967B1A4007A2297 /* Resources */,
			);
			buildRules = (
			);
			dependencies = (
			);
			name = ExpenseTracker;
			packageProductDependencies = (
				3EFC42D3296DC8BC00D58BD5 /* SwiftUICharts */,
			);
			productName = ExpenseTracker;
			productReference = 3E981EFB2967B1A4007A2297 /* ExpenseTracker.app */;
			productType = "com.apple.product-type.application";
		};
/* End PBXNativeTarget section */

/* Begin PBXProject section */
		3E981EF32967B1A4007A2297 /* Project object */ = {
			isa = PBXProject;
			attributes = {
				BuildIndependentTargetsInParallel = 1;
				LastSwiftUpdateCheck = 1410;
				LastUpgradeCheck = 1410;
				TargetAttributes = {
					3E981EFA2967B1A4007A2297 = {
						CreatedOnToolsVersion = 14.1;
					};
				};
			};
			buildConfigurationList = 3E981EF62967B1A4007A2297 /* Build configuration list for PBXProject "ExpenseTracker" */;
			compatibilityVersion = "Xcode 14.0";
			developmentRegion = en;
			hasScannedForEncodings = 0;
			knownRegions = (
				en,
				Base,
			);
			mainGroup = 3E981EF22967B1A4007A2297;
			packageReferences = (
				3EFC42D2296DC8BC00D58BD5 /* XCRemoteSwiftPackageReference "ChartView" */,
			);
			productRefGroup = 3E981EFC2967B1A4007A2297 /* Products */;
			projectDirPath = "";
			projectRoot = "";
			targets = (
				3E981EFA2967B1A4007A2297 /* ExpenseTracker */,
			);
		};
/* End PBXProject section */

/* Begin PBXResourcesBuildPhase section */
		3E981EF92967B1A4007A2297 /* Resources */ = {
			isa = PBXResourcesBuildPhase;
			buildActionMask = 2147483647;
			files = (
				3E981F062967B1A5007A2297 /* Preview Assets.xcassets in Resources */,
				3E981F032967B1A5007A2297 /* Assets.xcassets in Resources */,
			);
			runOnlyForDeploymentPostprocessing = 0;
		};
/* End PBXResourcesBuildPhase section */

/* Begin PBXSourcesBuildPhase section */
		3E981EF72967B1A4007A2297 /* Sources */ = {
			isa = PBXSourcesBuildPhase;
			buildActionMask = 2147483647;
			files = (
				3E981F122967BB88007A2297 /* PreviewData.swift in Sources */,
				3E71FDA32968F3E6006BD38A /* TransactionList.swift in Sources */,
				3E71FDA12968AD57006BD38A /* RecentTransactionList.swift in Sources */,
				3E981F102967BA84007A2297 /* TransactionModel.swift in Sources */,
				3E981F012967B1A4007A2297 /* ContentView.swift in Sources */,
				3E981F142967BC16007A2297 /* TransactionRow.swift in Sources */,
				3E981F0D2967B30E007A2297 /* Extensions.swift in Sources */,
				3E71FD9F2968A509006BD38A /* TransactionListViewModel.swift in Sources */,
				3E981EFF2967B1A4007A2297 /* ExpenseTrackerApp.swift in Sources */,
			);
			runOnlyForDeploymentPostprocessing = 0;
		};
/* End PBXSourcesBuildPhase section */

/* Begin XCBuildConfiguration section */
		3E981F072967B1A5007A2297 /* Debug */ = {
			isa = XCBuildConfiguration;
			buildSettings = {
				ALWAYS_SEARCH_USER_PATHS = NO;
				CLANG_ANALYZER_NONNULL = YES;
				CLANG_ANALYZER_NUMBER_OBJECT_CONVERSION = YES_AGGRESSIVE;
				CLANG_CXX_LANGUAGE_STANDARD = "gnu++20";
				CLANG_ENABLE_MODULES = YES;
				CLANG_ENABLE_OBJC_ARC = YES;
				CLANG_ENABLE_OBJC_WEAK = YES;
				CLANG_WARN_BLOCK_CAPTURE_AUTORELEASING = YES;
				CLANG_WARN_BOOL_CONVERSION = YES;
				CLANG_WARN_COMMA = YES;
				CLANG_WARN_CONSTANT_CONVERSION = YES;
				CLANG_WARN_DEPRECATED_OBJC_IMPLEMENTATIONS = YES;
				CLANG_WARN_DIRECT_OBJC_ISA_USAGE = YES_ERROR;
				CLANG_WARN_DOCUMENTATION_COMMENTS = YES;
				CLANG_WARN_EMPTY_BODY = YES;
				CLANG_WARN_ENUM_CONVERSION = YES;
				CLANG_WARN_INFINITE_RECURSION = YES;
				CLANG_WARN_INT_CONVERSION = YES;
				CLANG_WARN_NON_LITERAL_NULL_CONVERSION = YES;
				CLANG_WARN_OBJC_IMPLICIT_RETAIN_SELF = YES;
				CLANG_WARN_OBJC_LITERAL_CONVERSION = YES;
				CLANG_WARN_OBJC_ROOT_CLASS = YES_ERROR;
				CLANG_WARN_QUOTED_INCLUDE_IN_FRAMEWORK_HEADER = YES;
				CLANG_WARN_RANGE_LOOP_ANALYSIS = YES;
				CLANG_WARN_STRICT_PROTOTYPES = YES;
				CLANG_WARN_SUSPICIOUS_MOVE = YES;
				CLANG_WARN_UNGUARDED_AVAILABILITY = YES_AGGRESSIVE;
				CLANG_WARN_UNREACHABLE_CODE = YES;
				CLANG_WARN__DUPLICATE_METHOD_MATCH = YES;
				COPY_PHASE_STRIP = NO;
				DEBUG_INFORMATION_FORMAT = dwarf;
				ENABLE_STRICT_OBJC_MSGSEND = YES;
				ENABLE_TESTABILITY = YES;
				GCC_C_LANGUAGE_STANDARD = gnu11;
				GCC_DYNAMIC_NO_PIC = NO;
				GCC_NO_COMMON_BLOCKS = YES;
				GCC_OPTIMIZATION_LEVEL = 0;
				GCC_PREPROCESSOR_DEFINITIONS = (
					"DEBUG=1",
					"$(inherited)",
				);
				GCC_WARN_64_TO_32_BIT_CONVERSION = YES;
				GCC_WARN_ABOUT_RETURN_TYPE = YES_ERROR;
				GCC_WARN_UNDECLARED_SELECTOR = YES;
				GCC_WARN_UNINITIALIZED_AUTOS = YES_AGGRESSIVE;
				GCC_WARN_UNUSED_FUNCTION = YES;
				GCC_WARN_UNUSED_VARIABLE = YES;
				IPHONEOS_DEPLOYMENT_TARGET = 16.1;
				MTL_ENABLE_DEBUG_INFO = INCLUDE_SOURCE;
				MTL_FAST_MATH = YES;
				ONLY_ACTIVE_ARCH = YES;
				SDKROOT = iphoneos;
				SWIFT_ACTIVE_COMPILATION_CONDITIONS = DEBUG;
				SWIFT_OPTIMIZATION_LEVEL = "-Onone";
			};
			name = Debug;
		};
		3E981F082967B1A5007A2297 /* Release */ = {
			isa = XCBuildConfiguration;
			buildSettings = {
				ALWAYS_SEARCH_USER_PATHS = NO;
				CLANG_ANALYZER_NONNULL = YES;
				CLANG_ANALYZER_NUMBER_OBJECT_CONVERSION = YES_AGGRESSIVE;
				CLANG_CXX_LANGUAGE_STANDARD = "gnu++20";
				CLANG_ENABLE_MODULES = YES;
				CLANG_ENABLE_OBJC_ARC = YES;
				CLANG_ENABLE_OBJC_WEAK = YES;
				CLANG_WARN_BLOCK_CAPTURE_AUTORELEASING = YES;
				CLANG_WARN_BOOL_CONVERSION = YES;
				CLANG_WARN_COMMA = YES;
				CLANG_WARN_CONSTANT_CONVERSION = YES;
				CLANG_WARN_DEPRECATED_OBJC_IMPLEMENTATIONS = YES;
				CLANG_WARN_DIRECT_OBJC_ISA_USAGE = YES_ERROR;
				CLANG_WARN_DOCUMENTATION_COMMENTS = YES;
				CLANG_WARN_EMPTY_BODY = YES;
				CLANG_WARN_ENUM_CONVERSION = YES;
				CLANG_WARN_INFINITE_RECURSION = YES;
				CLANG_WARN_INT_CONVERSION = YES;
				CLANG_WARN_NON_LITERAL_NULL_CONVERSION = YES;
				CLANG_WARN_OBJC_IMPLICIT_RETAIN_SELF = YES;
				CLANG_WARN_OBJC_LITERAL_CONVERSION = YES;
				CLANG_WARN_OBJC_ROOT_CLASS = YES_ERROR;
				CLANG_WARN_QUOTED_INCLUDE_IN_FRAMEWORK_HEADER = YES;
				CLANG_WARN_RANGE_LOOP_ANALYSIS = YES;
				CLANG_WARN_STRICT_PROTOTYPES = YES;
				CLANG_WARN_SUSPICIOUS_MOVE = YES;
				CLANG_WARN_UNGUARDED_AVAILABILITY = YES_AGGRESSIVE;
				CLANG_WARN_UNREACHABLE_CODE = YES;
				CLANG_WARN__DUPLICATE_METHOD_MATCH = YES;
				COPY_PHASE_STRIP = NO;
				DEBUG_INFORMATION_FORMAT = "dwarf-with-dsym";
				ENABLE_NS_ASSERTIONS = NO;
				ENABLE_STRICT_OBJC_MSGSEND = YES;
				GCC_C_LANGUAGE_STANDARD = gnu11;
				GCC_NO_COMMON_BLOCKS = YES;
				GCC_WARN_64_TO_32_BIT_CONVERSION = YES;
				GCC_WARN_ABOUT_RETURN_TYPE = YES_ERROR;
				GCC_WARN_UNDECLARED_SELECTOR = YES;
				GCC_WARN_UNINITIALIZED_AUTOS = YES_AGGRESSIVE;
				GCC_WARN_UNUSED_FUNCTION = YES;
				GCC_WARN_UNUSED_VARIABLE = YES;
				IPHONEOS_DEPLOYMENT_TARGET = 16.1;
				MTL_ENABLE_DEBUG_INFO = NO;
				MTL_FAST_MATH = YES;
				SDKROOT = iphoneos;
				SWIFT_COMPILATION_MODE = wholemodule;
				SWIFT_OPTIMIZATION_LEVEL = "-O";
				VALIDATE_PRODUCT = YES;
			};
			name = Release;
		};
		3E981F0A2967B1A5007A2297 /* Debug */ = {
			isa = XCBuildConfiguration;
			buildSettings = {
				ASSETCATALOG_COMPILER_APPICON_NAME = AppIcon;
				ASSETCATALOG_COMPILER_GLOBAL_ACCENT_COLOR_NAME = AccentColor;
				CODE_SIGN_STYLE = Automatic;
				CURRENT_PROJECT_VERSION = 1;
				DEVELOPMENT_ASSET_PATHS = "\"ExpenseTracker/Preview Content\"";
				DEVELOPMENT_TEAM = G25RQ7PG4Y;
				ENABLE_PREVIEWS = YES;
				GENERATE_INFOPLIST_FILE = YES;
				INFOPLIST_KEY_UIApplicationSceneManifest_Generation = YES;
				INFOPLIST_KEY_UIApplicationSupportsIndirectInputEvents = YES;
				INFOPLIST_KEY_UILaunchScreen_Generation = YES;
				INFOPLIST_KEY_UISupportedInterfaceOrientations_iPad = "UIInterfaceOrientationPortrait UIInterfaceOrientationPortraitUpsideDown UIInterfaceOrientationLandscapeLeft UIInterfaceOrientationLandscapeRight";
				INFOPLIST_KEY_UISupportedInterfaceOrientations_iPhone = "UIInterfaceOrientationPortrait UIInterfaceOrientationLandscapeLeft UIInterfaceOrientationLandscapeRight";
				LD_RUNPATH_SEARCH_PATHS = (
					"$(inherited)",
					"@executable_path/Frameworks",
				);
				MARKETING_VERSION = 1.0;
				PRODUCT_BUNDLE_IDENTIFIER = com.sttrepitoso.ExpenseTracker;
				PRODUCT_NAME = "$(TARGET_NAME)";
				SWIFT_EMIT_LOC_STRINGS = YES;
				SWIFT_VERSION = 5.0;
				TARGETED_DEVICE_FAMILY = "1,2";
			};
			name = Debug;
		};
		3E981F0B2967B1A5007A2297 /* Release */ = {
			isa = XCBuildConfiguration;
			buildSettings = {
				ASSETCATALOG_COMPILER_APPICON_NAME = AppIcon;
				ASSETCATALOG_COMPILER_GLOBAL_ACCENT_COLOR_NAME = AccentColor;
				CODE_SIGN_STYLE = Automatic;
				CURRENT_PROJECT_VERSION = 1;
				DEVELOPMENT_ASSET_PATHS = "\"ExpenseTracker/Preview Content\"";
				DEVELOPMENT_TEAM = G25RQ7PG4Y;
				ENABLE_PREVIEWS = YES;
				GENERATE_INFOPLIST_FILE = YES;
				INFOPLIST_KEY_UIApplicationSceneManifest_Generation = YES;
				INFOPLIST_KEY_UIApplicationSupportsIndirectInputEvents = YES;
				INFOPLIST_KEY_UILaunchScreen_Generation = YES;
				INFOPLIST_KEY_UISupportedInterfaceOrientations_iPad = "UIInterfaceOrientationPortrait UIInterfaceOrientationPortraitUpsideDown UIInterfaceOrientationLandscapeLeft UIInterfaceOrientationLandscapeRight";
				INFOPLIST_KEY_UISupportedInterfaceOrientations_iPhone = "UIInterfaceOrientationPortrait UIInterfaceOrientationLandscapeLeft UIInterfaceOrientationLandscapeRight";
				LD_RUNPATH_SEARCH_PATHS = (
					"$(inherited)",
					"@executable_path/Frameworks",
				);
				MARKETING_VERSION = 1.0;
				PRODUCT_BUNDLE_IDENTIFIER = com.sttrepitoso.ExpenseTracker;
				PRODUCT_NAME = "$(TARGET_NAME)";
				SWIFT_EMIT_LOC_STRINGS = YES;
				SWIFT_VERSION = 5.0;
				TARGETED_DEVICE_FAMILY = "1,2";
			};
			name = Release;
		};
/* End XCBuildConfiguration section */

/* Begin XCConfigurationList section */
		3E981EF62967B1A4007A2297 /* Build configuration list for PBXProject "ExpenseTracker" */ = {
			isa = XCConfigurationList;
			buildConfigurations = (
				3E981F072967B1A5007A2297 /* Debug */,
				3E981F082967B1A5007A2297 /* Release */,
			);
			defaultConfigurationIsVisible = 0;
			defaultConfigurationName = Release;
		};
		3E981F092967B1A5007A2297 /* Build configuration list for PBXNativeTarget "ExpenseTracker" */ = {
			isa = XCConfigurationList;
			buildConfigurations = (
				3E981F0A2967B1A5007A2297 /* Debug */,
				3E981F0B2967B1A5007A2297 /* Release */,
			);
			defaultConfigurationIsVisible = 0;
			defaultConfigurationName = Release;
		};
/* End XCConfigurationList section */

/* Begin XCRemoteSwiftPackageReference section */
		3EFC42D2296DC8BC00D58BD5 /* XCRemoteSwiftPackageReference "ChartView" */ = {
			isa = XCRemoteSwiftPackageReference;
			repositoryURL = "https://github.com/AppPear/ChartView";
			requirement = {
				kind = exactVersion;
				version = "2.0.0-beta.2";
			};
		};
/* End XCRemoteSwiftPackageReference section */

/* Begin XCSwiftPackageProductDependency section */
		3EFC42D3296DC8BC00D58BD5 /* SwiftUICharts */ = {
			isa = XCSwiftPackageProductDependency;
			package = 3EFC42D2296DC8BC00D58BD5 /* XCRemoteSwiftPackageReference "ChartView" */;
			productName = SwiftUICharts;
		};
/* End XCSwiftPackageProductDependency section */
	};
	rootObject = 3E981EF32967B1A4007A2297 /* Project object */;
}
